// !$*UTF8*$!
{
	archiveVersion = 1;
	classes = {
	};
	objectVersion = 46;
	objects = {

/* Begin PBXBuildFile section */
		F461011C1B3065F100383F4B /* main.m in Sources */ = {isa = PBXBuildFile; fileRef = F461011B1B3065F100383F4B /* main.m */; };
		F461011F1B3065F100383F4B /* AppDelegate.m in Sources */ = {isa = PBXBuildFile; fileRef = F461011E1B3065F100383F4B /* AppDelegate.m */; };
		F46101211B3065F100383F4B /* Images.xcassets in Resources */ = {isa = PBXBuildFile; fileRef = F46101201B3065F100383F4B /* Images.xcassets */; };
		F46101241B3065F100383F4B /* LaunchScreen.xib in Resources */ = {isa = PBXBuildFile; fileRef = F46101221B3065F100383F4B /* LaunchScreen.xib */; };
		F46101301B3065F100383F4B /* CellTestTests.m in Sources */ = {isa = PBXBuildFile; fileRef = F461012F1B3065F100383F4B /* CellTestTests.m */; };
/* End PBXBuildFile section */

/* Begin PBXContainerItemProxy section */
		F461012A1B3065F100383F4B /* PBXContainerItemProxy */ = {
			isa = PBXContainerItemProxy;
			containerPortal = F461010E1B3065F100383F4B /* Project object */;
			proxyType = 1;
			remoteGlobalIDString = F46101151B3065F100383F4B;
			remoteInfo = CellTest;
		};
/* End PBXContainerItemProxy section */

/* Begin PBXFileReference section */
		F46101161B3065F100383F4B /* CellTest.app */ = {isa = PBXFileReference; explicitFileType = wrapper.application; includeInIndex = 0; path = CellTest.app; sourceTree = BUILT_PRODUCTS_DIR; };
		F461011A1B3065F100383F4B /* Info.plist */ = {isa = PBXFileReference; lastKnownFileType = text.plist.xml; path = Info.plist; sourceTree = "<group>"; };
		F461011B1B3065F100383F4B /* main.m */ = {isa = PBXFileReference; lastKnownFileType = sourcecode.c.objc; path = main.m; sourceTree = "<group>"; };
		F461011D1B3065F100383F4B /* AppDelegate.h */ = {isa = PBXFileReference; lastKnownFileType = sourcecode.c.h; path = AppDelegate.h; sourceTree = "<group>"; };
		F461011E1B3065F100383F4B /* AppDelegate.m */ = {isa = PBXFileReference; lastKnownFileType = sourcecode.c.objc; path = AppDelegate.m; sourceTree = "<group>"; };
		F46101201B3065F100383F4B /* Images.xcassets */ = {isa = PBXFileReference; lastKnownFileType = folder.assetcatalog; path = Images.xcassets; sourceTree = "<group>"; };
		F46101231B3065F100383F4B /* Base */ = {isa = PBXFileReference; lastKnownFileType = file.xib; name = Base; path = Base.lproj/LaunchScreen.xib; sourceTree = "<group>"; };
		F46101291B3065F100383F4B /* CellTestTests.xctest */ = {isa = PBXFileReference; explicitFileType = wrapper.cfbundle; includeInIndex = 0; path = CellTestTests.xctest; sourceTree = BUILT_PRODUCTS_DIR; };
		F461012E1B3065F100383F4B /* Info.plist */ = {isa = PBXFileReference; lastKnownFileType = text.plist.xml; path = Info.plist; sourceTree = "<group>"; };
		F461012F1B3065F100383F4B /* CellTestTests.m */ = {isa = PBXFileReference; lastKnownFileType = sourcecode.c.objc; path = CellTestTests.m; sourceTree = "<group>"; };
/* End PBXFileReference section */

/* Begin PBXFrameworksBuildPhase section */
		F46101131B3065F100383F4B /* Frameworks */ = {
			isa = PBXFrameworksBuildPhase;
			buildActionMask = 2147483647;
			files = (
			);
			runOnlyForDeploymentPostprocessing = 0;
		};
		F46101261B3065F100383F4B /* Frameworks */ = {
			isa = PBXFrameworksBuildPhase;
			buildActionMask = 2147483647;
			files = (
			);
			runOnlyForDeploymentPostprocessing = 0;
		};
/* End PBXFrameworksBuildPhase section */

/* Begin PBXGroup section */
		F461010D1B3065F100383F4B = {
			isa = PBXGroup;
			children = (
				F46101181B3065F100383F4B /* CellTest */,
				F461012C1B3065F100383F4B /* CellTestTests */,
				F46101171B3065F100383F4B /* Products */,
			);
			sourceTree = "<group>";
		};
		F46101171B3065F100383F4B /* Products */ = {
			isa = PBXGroup;
			children = (
				F46101161B3065F100383F4B /* CellTest.app */,
				F46101291B3065F100383F4B /* CellTestTests.xctest */,
			);
			name = Products;
			sourceTree = "<group>";
		};
		F46101181B3065F100383F4B /* CellTest */ = {
			isa = PBXGroup;
			children = (
				F461011D1B3065F100383F4B /* AppDelegate.h */,
				F461011E1B3065F100383F4B /* AppDelegate.m */,
				F46101201B3065F100383F4B /* Images.xcassets */,
				F46101221B3065F100383F4B /* LaunchScreen.xib */,
				F46101191B3065F100383F4B /* Supporting Files */,
			);
			path = CellTest;
			sourceTree = "<group>";
		};
		F46101191B3065F100383F4B /* Supporting Files */ = {
			isa = PBXGroup;
			children = (
				F461011A1B3065F100383F4B /* Info.plist */,
				F461011B1B3065F100383F4B /* main.m */,
			);
			name = "Supporting Files";
			sourceTree = "<group>";
		};
		F461012C1B3065F100383F4B /* CellTestTests */ = {
			isa = PBXGroup;
			children = (
				F461012F1B3065F100383F4B /* CellTestTests.m */,
				F461012D1B3065F100383F4B /* Supporting Files */,
			);
			path = CellTestTests;
			sourceTree = "<group>";
		};
		F461012D1B3065F100383F4B /* Supporting Files */ = {
			isa = PBXGroup;
			children = (
				F461012E1B3065F100383F4B /* Info.plist */,
			);
			name = "Supporting Files";
			sourceTree = "<group>";
		};
/* End PBXGroup section */

/* Begin PBXNativeTarget section */
		F46101151B3065F100383F4B /* CellTest */ = {
			isa = PBXNativeTarget;
			buildConfigurationList = F46101331B3065F100383F4B /* Build configuration list for PBXNativeTarget "CellTest" */;
			buildPhases = (
				F46101121B3065F100383F4B /* Sources */,
				F46101131B3065F100383F4B /* Frameworks */,
				F46101141B3065F100383F4B /* Resources */,
			);
			buildRules = (
			);
			dependencies = (
			);
			name = CellTest;
			productName = CellTest;
			productReference = F46101161B3065F100383F4B /* CellTest.app */;
			productType = "com.apple.product-type.application";
		};
		F46101281B3065F100383F4B /* CellTestTests */ = {
			isa = PBXNativeTarget;
			buildConfigurationList = F46101361B3065F100383F4B /* Build configuration list for PBXNativeTarget "CellTestTests" */;
			buildPhases = (
				F46101251B3065F100383F4B /* Sources */,
				F46101261B3065F100383F4B /* Frameworks */,
				F46101271B3065F100383F4B /* Resources */,
			);
			buildRules = (
			);
			dependencies = (
				F461012B1B3065F100383F4B /* PBXTargetDependency */,
			);
			name = CellTestTests;
			productName = CellTestTests;
			productReference = F46101291B3065F100383F4B /* CellTestTests.xctest */;
			productType = "com.apple.product-type.bundle.unit-test";
		};
/* End PBXNativeTarget section */

/* Begin PBXProject section */
		F461010E1B3065F100383F4B /* Project object */ = {
			isa = PBXProject;
			attributes = {
				LastUpgradeCheck = 0630;
				ORGANIZATIONNAME = "Gulakya Young";
				TargetAttributes = {
					F46101151B3065F100383F4B = {
						CreatedOnToolsVersion = 6.3.2;
					};
					F46101281B3065F100383F4B = {
						CreatedOnToolsVersion = 6.3.2;
						TestTargetID = F46101151B3065F100383F4B;
					};
				};
			};
			buildConfigurationList = F46101111B3065F100383F4B /* Build configuration list for PBXProject "CellTest" */;
			compatibilityVersion = "Xcode 3.2";
			developmentRegion = English;
			hasScannedForEncodings = 0;
			knownRegions = (
				en,
				Base,
			);
			mainGroup = F461010D1B3065F100383F4B;
			productRefGroup = F46101171B3065F100383F4B /* Products */;
			projectDirPath = "";
			projectRoot = "";
			targets = (
				F46101151B3065F100383F4B /* CellTest */,
				F46101281B3065F100383F4B /* CellTestTests */,
			);
		};
/* End PBXProject section */

/* Begin PBXResourcesBuildPhase section */
		F46101141B3065F100383F4B /* Resources */ = {
			isa = PBXResourcesBuildPhase;
			buildActionMask = 2147483647;
			files = (
				F46101241B3065F100383F4B /* LaunchScreen.xib in Resources */,
				F46101211B3065F100383F4B /* Images.xcassets in Resources */,
			);
			runOnlyForDeploymentPostprocessing = 0;
		};
		F46101271B3065F100383F4B /* Resources */ = {
			isa = PBXResourcesBuildPhase;
			buildActionMask = 2147483647;
			files = (
			);
			runOnlyForDeploymentPostprocessing = 0;
		};
/* End PBXResourcesBuildPhase section */

/* Begin PBXSourcesBuildPhase section */
		F46101121B3065F100383F4B /* Sources */ = {
			isa = PBXSourcesBuildPhase;
			buildActionMask = 2147483647;
			files = (
				F461011F1B3065F100383F4B /* AppDelegate.m in Sources */,
				F461011C1B3065F100383F4B /* main.m in Sources */,
			);
			runOnlyForDeploymentPostprocessing = 0;
		};
		F46101251B3065F100383F4B /* Sources */ = {
			isa = PBXSourcesBuildPhase;
			buildActionMask = 2147483647;
			files = (
				F46101301B3065F100383F4B /* CellTestTests.m in Sources */,
			);
			runOnlyForDeploymentPostprocessing = 0;
		};
/* End PBXSourcesBuildPhase section */

/* Begin PBXTargetDependency section */
		F461012B1B3065F100383F4B /* PBXTargetDependency */ = {
			isa = PBXTargetDependency;
			target = F46101151B3065F100383F4B /* CellTest */;
			targetProxy = F461012A1B3065F100383F4B /* PBXContainerItemProxy */;
		};
/* End PBXTargetDependency section */

/* Begin PBXVariantGroup section */
		F46101221B3065F100383F4B /* LaunchScreen.xib */ = {
			isa = PBXVariantGroup;
			children = (
				F46101231B3065F100383F4B /* Base */,
			);
			name = LaunchScreen.xib;
			sourceTree = "<group>";
		};
/* End PBXVariantGroup section */

/* Begin XCBuildConfiguration section */
		F46101311B3065F100383F4B /* Debug */ = {
			isa = XCBuildConfiguration;
			buildSettings = {
				ALWAYS_SEARCH_USER_PATHS = NO;
				CLANG_CXX_LANGUAGE_STANDARD = "gnu++0x";
				CLANG_CXX_LIBRARY = "libc++";
				CLANG_ENABLE_MODULES = YES;
				CLANG_ENABLE_OBJC_ARC = YES;
				CLANG_WARN_BOOL_CONVERSION = YES;
				CLANG_WARN_CONSTANT_CONVERSION = YES;
				CLANG_WARN_DIRECT_OBJC_ISA_USAGE = YES_ERROR;
				CLANG_WARN_EMPTY_BODY = YES;
				CLANG_WARN_ENUM_CONVERSION = YES;
				CLANG_WARN_INT_CONVERSION = YES;
				CLANG_WARN_OBJC_ROOT_CLASS = YES_ERROR;
				CLANG_WARN_UNREACHABLE_CODE = YES;
				CLANG_WARN__DUPLICATE_METHOD_MATCH = YES;
				"CODE_SIGN_IDENTITY[sdk=iphoneos*]" = "iPhone Developer";
				COPY_PHASE_STRIP = NO;
				DEBUG_INFORMATION_FORMAT = "dwarf-with-dsym";
				ENABLE_STRICT_OBJC_MSGSEND = YES;
				GCC_C_LANGUAGE_STANDARD = gnu99;
				GCC_DYNAMIC_NO_PIC = NO;
				GCC_NO_COMMON_BLOCKS = YES;
				GCC_OPTIMIZATION_LEVEL = 0;
				GCC_PREPROCESSOR_DEFINITIONS = (
					"DEBUG=1",
					"$(inherited)",
				);
				GCC_SYMBOLS_PRIVATE_EXTERN = NO;
				GCC_WARN_64_TO_32_BIT_CONVERSION = YES;
				GCC_WARN_ABOUT_RETURN_TYPE = YES_ERROR;
				GCC_WARN_UNDECLARED_SELECTOR = YES;
				GCC_WARN_UNINITIALIZED_AUTOS = YES_AGGRESSIVE;
				GCC_WARN_UNUSED_FUNCTION = YES;
				GCC_WARN_UNUSED_VARIABLE = YES;
				IPHONEOS_DEPLOYMENT_TARGET = 8.3;
				MTL_ENABLE_DEBUG_INFO = YES;
				ONLY_ACTIVE_ARCH = YES;
				SDKROOT = iphoneos;
			};
			name = Debug;
		};
		F46101321B3065F100383F4B /* Release */ = {
			isa = XCBuildConfiguration;
			buildSettings = {
				ALWAYS_SEARCH_USER_PATHS = NO;
				CLANG_CXX_LANGUAGE_STANDARD = "gnu++0x";
				CLANG_CXX_LIBRARY = "libc++";
				CLANG_ENABLE_MODULES = YES;
				CLANG_ENABLE_OBJC_ARC = YES;
				CLANG_WARN_BOOL_CONVERSION = YES;
				CLANG_WARN_CONSTANT_CONVERSION = YES;
				CLANG_WARN_DIRECT_OBJC_ISA_USAGE = YES_ERROR;
				CLANG_WARN_EMPTY_BODY = YES;
				CLANG_WARN_ENUM_CONVERSION = YES;
				CLANG_WARN_INT_CONVERSION = YES;
				CLANG_WARN_OBJC_ROOT_CLASS = YES_ERROR;
				CLANG_WARN_UNREACHABLE_CODE = YES;
				CLANG_WARN__DUPLICATE_METHOD_MATCH = YES;
				"CODE_SIGN_IDENTITY[sdk=iphoneos*]" = "iPhone Developer";
				COPY_PHASE_STRIP = NO;
				DEBUG_INFORMATION_FORMAT = "dwarf-with-dsym";
				ENABLE_NS_ASSERTIONS = NO;
				ENABLE_STRICT_OBJC_MSGSEND = YES;
				GCC_C_LANGUAGE_STANDARD = gnu99;
				GCC_NO_COMMON_BLOCKS = YES;
				GCC_WARN_64_TO_32_BIT_CONVERSION = YES;
				GCC_WARN_ABOUT_RETURN_TYPE = YES_ERROR;
				GCC_WARN_UNDECLARED_SELECTOR = YES;
				GCC_WARN_UNINITIALIZED_AUTOS = YES_AGGRESSIVE;
				GCC_WARN_UNUSED_FUNCTION = YES;
				GCC_WARN_UNUSED_VARIABLE = YES;
				IPHONEOS_DEPLOYMENT_TARGET = 8.3;
				MTL_ENABLE_DEBUG_INFO = NO;
				SDKROOT = iphoneos;
				VALIDATE_PRODUCT = YES;
			};
			name = Release;
		};
		F46101341B3065F100383F4B /* Debug */ = {
			isa = XCBuildConfiguration;
			buildSettings = {
				ASSETCATALOG_COMPILER_APPICON_NAME = AppIcon;
				INFOPLIST_FILE = CellTest/Info.plist;
				LD_RUNPATH_SEARCH_PATHS = "$(inherited) @executable_path/Frameworks";
				PRODUCT_NAME = "$(TARGET_NAME)";
			};
			name = Debug;
		};
		F46101351B3065F100383F4B /* Release */ = {
			isa = XCBuildConfiguration;
			buildSettings = {
				ASSETCATALOG_COMPILER_APPICON_NAME = AppIcon;
				INFOPLIST_FILE = CellTest/Info.plist;
				LD_RUNPATH_SEARCH_PATHS = "$(inherited) @executable_path/Frameworks";
				PRODUCT_NAME = "$(TARGET_NAME)";
			};
			name = Release;
		};
		F46101371B3065F100383F4B /* Debug */ = {
			isa = XCBuildConfiguration;
			buildSettings = {
				BUNDLE_LOADER = "$(TEST_HOST)";
				FRAMEWORK_SEARCH_PATHS = (
					"$(SDKROOT)/Developer/Library/Frameworks",
					"$(inherited)",
				);
				GCC_PREPROCESSOR_DEFINITIONS = (
					"DEBUG=1",
					"$(inherited)",
				);
				INFOPLIST_FILE = CellTestTests/Info.plist;
				LD_RUNPATH_SEARCH_PATHS = "$(inherited) @executable_path/Frameworks @loader_path/Frameworks";
				PRODUCT_NAME = "$(TARGET_NAME)";
				TEST_HOST = "$(BUILT_PRODUCTS_DIR)/CellTest.app/CellTest";
			};
			name = Debug;
		};
		F46101381B3065F100383F4B /* Release */ = {
			isa = XCBuildConfiguration;
			buildSettings = {
				BUNDLE_LOADER = "$(TEST_HOST)";
				FRAMEWORK_SEARCH_PATHS = (
					"$(SDKROOT)/Developer/Library/Frameworks",
					"$(inherited)",
				);
				INFOPLIST_FILE = CellTestTests/Info.plist;
				LD_RUNPATH_SEARCH_PATHS = "$(inherited) @executable_path/Frameworks @loader_path/Frameworks";
				PRODUCT_NAME = "$(TARGET_NAME)";
				TEST_HOST = "$(BUILT_PRODUCTS_DIR)/CellTest.app/CellTest";
			};
			name = Release;
		};
/* End XCBuildConfiguration section */

/* Begin XCConfigurationList section */
		F46101111B3065F100383F4B /* Build configuration list for PBXProject "CellTest" */ = {
			isa = XCConfigurationList;
			buildConfigurations = (
				F46101311B3065F100383F4B /* Debug */,
				F46101321B3065F100383F4B /* Release */,
			);
			defaultConfigurationIsVisible = 0;
			defaultConfigurationName = Release;
		};
		F46101331B3065F100383F4B /* Build configuration list for PBXNativeTarget "CellTest" */ = {
			isa = XCConfigurationList;
			buildConfigurations = (
				F46101341B3065F100383F4B /* Debug */,
				F46101351B3065F100383F4B /* Release */,
			);
			defaultConfigurationIsVisible = 0;
		};
		F46101361B3065F100383F4B /* Build configuration list for PBXNativeTarget "CellTestTests" */ = {
			isa = XCConfigurationList;
			buildConfigurations = (
				F46101371B3065F100383F4B /* Debug */,
				F46101381B3065F100383F4B /* Release */,
			);
			defaultConfigurationIsVisible = 0;
		};
/* End XCConfigurationList section */
	};
	rootObject = F461010E1B3065F100383F4B /* Project object */;
}
